
Microsoft Visual Studio Solution File, Format Version 12.00
# Visual Studio Version 17
VisualStudioVersion = 17.5.33516.290
MinimumVisualStudioVersion = 10.0.40219.1
Project("{9A19103F-16F7-4668-BE54-9A1E7A4F7556}") = "IBS", "IBS.csproj", "{DCBC997E-856A-4DCC-AA92-D447C9B892E4}"
EndProject
Project("{9A19103F-16F7-4668-BE54-9A1E7A4F7556}") = "IBSAPI", "..\IBSAPI\IBSAPI.csproj", "{1E937314-1D1A-4567-A28D-0129ED2556EC}"
EndProject
Project("{FAE04EC0-301F-11D3-BF4B-00C04F79EFBC}") = "IBSReports", "..\IBSReport\IBSReports.csproj", "{CE065484-D42C-4C07-A2F9-545312C8CB5F}"
EndProject
Global
	GlobalSection(SolutionConfigurationPlatforms) = preSolution
		Debug|Any CPU = Debug|Any CPU
		Release|Any CPU = Release|Any CPU
	EndGlobalSection
	GlobalSection(ProjectConfigurationPlatforms) = postSolution
		{DCBC997E-856A-4DCC-AA92-D447C9B892E4}.Debug|Any CPU.ActiveCfg = Debug|Any CPU
		{DCBC997E-856A-4DCC-AA92-D447C9B892E4}.Debug|Any CPU.Build.0 = Debug|Any CPU
		{DCBC997E-856A-4DCC-AA92-D447C9B892E4}.Release|Any CPU.ActiveCfg = Release|Any CPU
		{DCBC997E-856A-4DCC-AA92-D447C9B892E4}.Release|Any CPU.Build.0 = Release|Any CPU
		{1E937314-1D1A-4567-A28D-0129ED2556EC}.Debug|Any CPU.ActiveCfg = Debug|Any CPU
		{1E937314-1D1A-4567-A28D-0129ED2556EC}.Debug|Any CPU.Build.0 = Debug|Any CPU
		{1E937314-1D1A-4567-A28D-0129ED2556EC}.Release|Any CPU.ActiveCfg = Release|Any CPU
		{1E937314-1D1A-4567-A28D-0129ED2556EC}.Release|Any CPU.Build.0 = Release|Any CPU
		{CE065484-D42C-4C07-A2F9-545312C8CB5F}.Debug|Any CPU.ActiveCfg = Debug|Any CPU
		{CE065484-D42C-4C07-A2F9-545312C8CB5F}.Debug|Any CPU.Build.0 = Debug|Any CPU
		{CE065484-D42C-4C07-A2F9-545312C8CB5F}.Release|Any CPU.ActiveCfg = Release|Any CPU
		{CE065484-D42C-4C07-A2F9-545312C8CB5F}.Release|Any CPU.Build.0 = Release|Any CPU
	EndGlobalSection
	GlobalSection(SolutionProperties) = preSolution
		HideSolutionNode = FALSE
	EndGlobalSection
	GlobalSection(ExtensibilityGlobals) = postSolution
		SolutionGuid = {1B37F87D-1DEA-47E3-9A13-00E0EE5E9390}
	EndGlobalSection
EndGlobal
